
Microsoft Visual Studio Solution File, Format Version 12.00
# Visual Studio 15
VisualStudioVersion = 15.0.28010.2016
MinimumVisualStudioVersion = 10.0.40219.1
Project("{FAE04EC0-301F-11D3-BF4B-00C04F79EFBC}") = "Jmallwitz1e1", "WindowsFormsApp2\Jmallwitz1e1.csproj", "{F1EC88D0-8796-4BBC-B259-018FF1FF823D}"
EndProject
Project("{FAE04EC0-301F-11D3-BF4B-00C04F79EFBC}") = "JMallwitz1e2", "JMallwitz1e2\JMallwitz1e2.csproj", "{DF1E2A40-5A6E-46EB-A397-401A5FCBB1D9}"
EndProject
Project("{FAE04EC0-301F-11D3-BF4B-00C04F79EFBC}") = "Jacobmallwitz1F1", "Jacobmallwitz1f1\Jacobmallwitz1F1.csproj", "{7893EE44-A8F8-4043-B684-A414D500405F}"
EndProject
Project("{FAE04EC0-301F-11D3-BF4B-00C04F79EFBC}") = "JacobMallwitz1g1", "JacobMallwitz1g1\JacobMallwitz1g1.csproj", "{4F7F05AF-316D-4695-875B-C5D63E0CEF96}"
EndProject
Project("{FAE04EC0-301F-11D3-BF4B-00C04F79EFBC}") = "jmallwitz2b1", "jmallwitz2b1\jmallwitz2b1.csproj", "{4B7EE143-3781-42EB-B055-802409A8DB88}"
EndProject
Project("{FAE04EC0-301F-11D3-BF4B-00C04F79EFBC}") = "Jmallwitz2c1", "WindowsFormsApp1\Jmallwitz2c1.csproj", "{21ABFAE3-18DB-4B62-8A36-CFBD51ABD7CA}"
EndProject
Project("{FAE04EC0-301F-11D3-BF4B-00C04F79EFBC}") = "Jmallwitz2d1", "Jmallwitz2d1\Jmallwitz2d1.csproj", "{6F979152-7F83-4FC3-A873-FB9CD82EB6FE}"
EndProject
Project("{FAE04EC0-301F-11D3-BF4B-00C04F79EFBC}") = "jmallwitz2e1", "jmallwitz2e1\jmallwitz2e1.csproj", "{E830D2A2-048F-4D38-A3A9-E62B0B73935B}"
EndProject
Project("{FAE04EC0-301F-11D3-BF4B-00C04F79EFBC}") = "jmallwitz2e1unittest", "jmallwitz2e1unittest\jmallwitz2e1unittest.csproj", "{D879CD3A-9E60-47D5-8243-D9F0E09ABDB1}"
EndProject
Project("{FAE04EC0-301F-11D3-BF4B-00C04F79EFBC}") = "jmallwitz2f1", "jmallwitz2f1\jmallwitz2f1.csproj", "{905F0B4D-8269-48A9-B6E1-D2B2D09E6678}"
EndProject
Project("{FAE04EC0-301F-11D3-BF4B-00C04F79EFBC}") = "jmallwitz2fUnitTests.cs", "jmallwitz2fUnitTests.cs\jmallwitz2fUnitTests.cs.csproj", "{8324AEA0-1D0C-43F5-8045-3CA796B7F34F}"
EndProject
Project("{FAE04EC0-301F-11D3-BF4B-00C04F79EFBC}") = "jmallwitz2g1", "jmallwitz2g1\jmallwitz2g1.csproj", "{2334485F-8B61-45DD-B78C-B813B6DC9DBF}"
EndProject
Project("{FAE04EC0-301F-11D3-BF4B-00C04F79EFBC}") = "jmallwitz2g1UnitTests", "jmallwitz2f1UnitTests\jmallwitz2g1UnitTests.csproj", "{7C2451D3-3C3A-4AAA-AA73-C9123B3E64CA}"
EndProject
Global
	GlobalSection(SolutionConfigurationPlatforms) = preSolution
		Debug|Any CPU = Debug|Any CPU
		Release|Any CPU = Release|Any CPU
	EndGlobalSection
	GlobalSection(ProjectConfigurationPlatforms) = postSolution
		{F1EC88D0-8796-4BBC-B259-018FF1FF823D}.Debug|Any CPU.ActiveCfg = Debug|Any CPU
		{F1EC88D0-8796-4BBC-B259-018FF1FF823D}.Debug|Any CPU.Build.0 = Debug|Any CPU
		{F1EC88D0-8796-4BBC-B259-018FF1FF823D}.Release|Any CPU.ActiveCfg = Release|Any CPU
		{F1EC88D0-8796-4BBC-B259-018FF1FF823D}.Release|Any CPU.Build.0 = Release|Any CPU
		{DF1E2A40-5A6E-46EB-A397-401A5FCBB1D9}.Debug|Any CPU.ActiveCfg = Debug|Any CPU
		{DF1E2A40-5A6E-46EB-A397-401A5FCBB1D9}.Debug|Any CPU.Build.0 = Debug|Any CPU
		{DF1E2A40-5A6E-46EB-A397-401A5FCBB1D9}.Release|Any CPU.ActiveCfg = Release|Any CPU
		{DF1E2A40-5A6E-46EB-A397-401A5FCBB1D9}.Release|Any CPU.Build.0 = Release|Any CPU
		{7893EE44-A8F8-4043-B684-A414D500405F}.Debug|Any CPU.ActiveCfg = Debug|Any CPU
		{7893EE44-A8F8-4043-B684-A414D500405F}.Debug|Any CPU.Build.0 = Debug|Any CPU
		{7893EE44-A8F8-4043-B684-A414D500405F}.Release|Any CPU.ActiveCfg = Release|Any CPU
		{7893EE44-A8F8-4043-B684-A414D500405F}.Release|Any CPU.Build.0 = Release|Any CPU
		{4F7F05AF-316D-4695-875B-C5D63E0CEF96}.Debug|Any CPU.ActiveCfg = Debug|Any CPU
		{4F7F05AF-316D-4695-875B-C5D63E0CEF96}.Debug|Any CPU.Build.0 = Debug|Any CPU
		{4F7F05AF-316D-4695-875B-C5D63E0CEF96}.Release|Any CPU.ActiveCfg = Release|Any CPU
		{4F7F05AF-316D-4695-875B-C5D63E0CEF96}.Release|Any CPU.Build.0 = Release|Any CPU
		{4B7EE143-3781-42EB-B055-802409A8DB88}.Debug|Any CPU.ActiveCfg = Debug|Any CPU
		{4B7EE143-3781-42EB-B055-802409A8DB88}.Debug|Any CPU.Build.0 = Debug|Any CPU
		{4B7EE143-3781-42EB-B055-802409A8DB88}.Release|Any CPU.ActiveCfg = Release|Any CPU
		{4B7EE143-3781-42EB-B055-802409A8DB88}.Release|Any CPU.Build.0 = Release|Any CPU
		{21ABFAE3-18DB-4B62-8A36-CFBD51ABD7CA}.Debug|Any CPU.ActiveCfg = Debug|Any CPU
		{21ABFAE3-18DB-4B62-8A36-CFBD51ABD7CA}.Debug|Any CPU.Build.0 = Debug|Any CPU
		{21ABFAE3-18DB-4B62-8A36-CFBD51ABD7CA}.Release|Any CPU.ActiveCfg = Release|Any CPU
		{21ABFAE3-18DB-4B62-8A36-CFBD51ABD7CA}.Release|Any CPU.Build.0 = Release|Any CPU
		{6F979152-7F83-4FC3-A873-FB9CD82EB6FE}.Debug|Any CPU.ActiveCfg = Debug|Any CPU
		{6F979152-7F83-4FC3-A873-FB9CD82EB6FE}.Debug|Any CPU.Build.0 = Debug|Any CPU
		{6F979152-7F83-4FC3-A873-FB9CD82EB6FE}.Release|Any CPU.ActiveCfg = Release|Any CPU
		{6F979152-7F83-4FC3-A873-FB9CD82EB6FE}.Release|Any CPU.Build.0 = Release|Any CPU
		{E830D2A2-048F-4D38-A3A9-E62B0B73935B}.Debug|Any CPU.ActiveCfg = Debug|Any CPU
		{E830D2A2-048F-4D38-A3A9-E62B0B73935B}.Debug|Any CPU.Build.0 = Debug|Any CPU
		{E830D2A2-048F-4D38-A3A9-E62B0B73935B}.Release|Any CPU.ActiveCfg = Release|Any CPU
		{E830D2A2-048F-4D38-A3A9-E62B0B73935B}.Release|Any CPU.Build.0 = Release|Any CPU
		{D879CD3A-9E60-47D5-8243-D9F0E09ABDB1}.Debug|Any CPU.ActiveCfg = Debug|Any CPU
		{D879CD3A-9E60-47D5-8243-D9F0E09ABDB1}.Debug|Any CPU.Build.0 = Debug|Any CPU
		{D879CD3A-9E60-47D5-8243-D9F0E09ABDB1}.Release|Any CPU.ActiveCfg = Release|Any CPU
		{D879CD3A-9E60-47D5-8243-D9F0E09ABDB1}.Release|Any CPU.Build.0 = Release|Any CPU
		{905F0B4D-8269-48A9-B6E1-D2B2D09E6678}.Debug|Any CPU.ActiveCfg = Debug|Any CPU
		{905F0B4D-8269-48A9-B6E1-D2B2D09E6678}.Debug|Any CPU.Build.0 = Debug|Any CPU
		{905F0B4D-8269-48A9-B6E1-D2B2D09E6678}.Release|Any CPU.ActiveCfg = Release|Any CPU
		{905F0B4D-8269-48A9-B6E1-D2B2D09E6678}.Release|Any CPU.Build.0 = Release|Any CPU
		{8324AEA0-1D0C-43F5-8045-3CA796B7F34F}.Debug|Any CPU.ActiveCfg = Debug|Any CPU
		{8324AEA0-1D0C-43F5-8045-3CA796B7F34F}.Debug|Any CPU.Build.0 = Debug|Any CPU
		{8324AEA0-1D0C-43F5-8045-3CA796B7F34F}.Release|Any CPU.ActiveCfg = Release|Any CPU
		{8324AEA0-1D0C-43F5-8045-3CA796B7F34F}.Release|Any CPU.Build.0 = Release|Any CPU
		{2334485F-8B61-45DD-B78C-B813B6DC9DBF}.Debug|Any CPU.ActiveCfg = Debug|Any CPU
		{2334485F-8B61-45DD-B78C-B813B6DC9DBF}.Debug|Any CPU.Build.0 = Debug|Any CPU
		{2334485F-8B61-45DD-B78C-B813B6DC9DBF}.Release|Any CPU.ActiveCfg = Release|Any CPU
		{2334485F-8B61-45DD-B78C-B813B6DC9DBF}.Release|Any CPU.Build.0 = Release|Any CPU
		{7C2451D3-3C3A-4AAA-AA73-C9123B3E64CA}.Debug|Any CPU.ActiveCfg = Debug|Any CPU
		{7C2451D3-3C3A-4AAA-AA73-C9123B3E64CA}.Debug|Any CPU.Build.0 = Debug|Any CPU
		{7C2451D3-3C3A-4AAA-AA73-C9123B3E64CA}.Release|Any CPU.ActiveCfg = Release|Any CPU
		{7C2451D3-3C3A-4AAA-AA73-C9123B3E64CA}.Release|Any CPU.Build.0 = Release|Any CPU
	EndGlobalSection
	GlobalSection(SolutionProperties) = preSolution
		HideSolutionNode = FALSE
	EndGlobalSection
	GlobalSection(ExtensibilityGlobals) = postSolution
		SolutionGuid = {7BDD9D30-73CF-4EB8-9143-25881B846642}
	EndGlobalSection
EndGlobal
