
Microsoft Visual Studio Solution File, Format Version 12.00
# Visual Studio 15
VisualStudioVersion = 15.0.28010.2016
MinimumVisualStudioVersion = 10.0.40219.1
Project("{FAE04EC0-301F-11D3-BF4B-00C04F79EFBC}") = "WindowsFormsApp1", "..\..\..\Visual Studio 2017\Projects\Solution1\WindowsFormsApp1\WindowsFormsApp1.csproj", "{32B414E6-391A-4D11-B2F6-522EBE5F0F09}"
EndProject
Global
	GlobalSection(SolutionConfigurationPlatforms) = preSolution
		Debug|Any CPU = Debug|Any CPU
		Release|Any CPU = Release|Any CPU
	EndGlobalSection
	GlobalSection(ProjectConfigurationPlatforms) = postSolution
		{32B414E6-391A-4D11-B2F6-522EBE5F0F09}.Debug|Any CPU.ActiveCfg = Debug|Any CPU
		{32B414E6-391A-4D11-B2F6-522EBE5F0F09}.Debug|Any CPU.Build.0 = Debug|Any CPU
		{32B414E6-391A-4D11-B2F6-522EBE5F0F09}.Release|Any CPU.ActiveCfg = Release|Any CPU
		{32B414E6-391A-4D11-B2F6-522EBE5F0F09}.Release|Any CPU.Build.0 = Release|Any CPU
	EndGlobalSection
	GlobalSection(SolutionProperties) = preSolution
		HideSolutionNode = FALSE
	EndGlobalSection
	GlobalSection(ExtensibilityGlobals) = postSolution
		SolutionGuid = {2673E2F3-0169-440A-BF38-15CA7CA2E83A}
	EndGlobalSection
EndGlobal
