
Microsoft Visual Studio Solution File, Format Version 12.00
# Visual Studio 15
VisualStudioVersion = 15.0.28010.2016
MinimumVisualStudioVersion = 10.0.40219.1
Project("{FAE04EC0-301F-11D3-BF4B-00C04F79EFBC}") = "Jmallwitz1f1", "Jmallwitz1f1\Jmallwitz1f1.csproj", "{58A90F37-506F-499F-A54A-5AD356805F70}"
EndProject
Global
	GlobalSection(SolutionConfigurationPlatforms) = preSolution
		Debug|Any CPU = Debug|Any CPU
		Release|Any CPU = Release|Any CPU
	EndGlobalSection
	GlobalSection(ProjectConfigurationPlatforms) = postSolution
		{58A90F37-506F-499F-A54A-5AD356805F70}.Debug|Any CPU.ActiveCfg = Debug|Any CPU
		{58A90F37-506F-499F-A54A-5AD356805F70}.Debug|Any CPU.Build.0 = Debug|Any CPU
		{58A90F37-506F-499F-A54A-5AD356805F70}.Release|Any CPU.ActiveCfg = Release|Any CPU
		{58A90F37-506F-499F-A54A-5AD356805F70}.Release|Any CPU.Build.0 = Release|Any CPU
	EndGlobalSection
	GlobalSection(SolutionProperties) = preSolution
		HideSolutionNode = FALSE
	EndGlobalSection
	GlobalSection(ExtensibilityGlobals) = postSolution
		SolutionGuid = {5CA93D57-FF4D-4B61-91E3-F61105577E29}
	EndGlobalSection
EndGlobal
